
Microsoft Visual Studio Solution File, Format Version 12.00
# Visual Studio Version 16
VisualStudioVersion = 16.0.30104.148
MinimumVisualStudioVersion = 10.0.40219.1
Project("{9A19103F-16F7-4668-BE54-9A1E7A4F7556}") = "CPopeWebsite", "PopeGamesWebsite\CPopeWebsite.csproj", "{90888263-1182-4BF0-AEBE-D51DA421BE14}"
EndProject
Project("{9A19103F-16F7-4668-BE54-9A1E7A4F7556}") = "ColorCode.Core", "ColorCode.Core\ColorCode.Core.csproj", "{485DF144-BB81-4E57-82C6-28681B7D574A}"
EndProject
Global
	GlobalSection(SolutionConfigurationPlatforms) = preSolution
		Debug|Any CPU = Debug|Any CPU
		Release|Any CPU = Release|Any CPU
	EndGlobalSection
	GlobalSection(ProjectConfigurationPlatforms) = postSolution
		{90888263-1182-4BF0-AEBE-D51DA421BE14}.Debug|Any CPU.ActiveCfg = Debug|Any CPU
		{90888263-1182-4BF0-AEBE-D51DA421BE14}.Debug|Any CPU.Build.0 = Debug|Any CPU
		{90888263-1182-4BF0-AEBE-D51DA421BE14}.Release|Any CPU.ActiveCfg = Release|Any CPU
		{90888263-1182-4BF0-AEBE-D51DA421BE14}.Release|Any CPU.Build.0 = Release|Any CPU
		{485DF144-BB81-4E57-82C6-28681B7D574A}.Debug|Any CPU.ActiveCfg = Debug|Any CPU
		{485DF144-BB81-4E57-82C6-28681B7D574A}.Debug|Any CPU.Build.0 = Debug|Any CPU
		{485DF144-BB81-4E57-82C6-28681B7D574A}.Release|Any CPU.ActiveCfg = Release|Any CPU
		{485DF144-BB81-4E57-82C6-28681B7D574A}.Release|Any CPU.Build.0 = Release|Any CPU
	EndGlobalSection
	GlobalSection(SolutionProperties) = preSolution
		HideSolutionNode = FALSE
	EndGlobalSection
	GlobalSection(ExtensibilityGlobals) = postSolution
		SolutionGuid = {350DABDD-58C2-4758-A8D6-F6A1D6EEE29E}
	EndGlobalSection
EndGlobal
