
Microsoft Visual Studio Solution File, Format Version 12.00
# Visual Studio Version 16
VisualStudioVersion = 16.0.29519.181
MinimumVisualStudioVersion = 10.0.40219.1
Project("{9A19103F-16F7-4668-BE54-9A1E7A4F7556}") = "CPopeWebsite", "CPopeWebsite.csproj", "{71750527-9140-4282-A9CE-E0717D503FBD}"
EndProject
Project("{9A19103F-16F7-4668-BE54-9A1E7A4F7556}") = "ColorCode.Core", "ColorCode.Core\ColorCode.Core.csproj", "{2ADE649C-2771-428F-87BD-CCD3CC69DEF4}"
EndProject
Global
	GlobalSection(SolutionConfigurationPlatforms) = preSolution
		Debug|Any CPU = Debug|Any CPU
		Release|Any CPU = Release|Any CPU
	EndGlobalSection
	GlobalSection(ProjectConfigurationPlatforms) = postSolution
		{71750527-9140-4282-A9CE-E0717D503FBD}.Debug|Any CPU.ActiveCfg = Debug|Any CPU
		{71750527-9140-4282-A9CE-E0717D503FBD}.Debug|Any CPU.Build.0 = Debug|Any CPU
		{71750527-9140-4282-A9CE-E0717D503FBD}.Release|Any CPU.ActiveCfg = Release|Any CPU
		{71750527-9140-4282-A9CE-E0717D503FBD}.Release|Any CPU.Build.0 = Release|Any CPU
		{2ADE649C-2771-428F-87BD-CCD3CC69DEF4}.Debug|Any CPU.ActiveCfg = Debug|Any CPU
		{2ADE649C-2771-428F-87BD-CCD3CC69DEF4}.Debug|Any CPU.Build.0 = Debug|Any CPU
		{2ADE649C-2771-428F-87BD-CCD3CC69DEF4}.Release|Any CPU.ActiveCfg = Release|Any CPU
		{2ADE649C-2771-428F-87BD-CCD3CC69DEF4}.Release|Any CPU.Build.0 = Release|Any CPU
	EndGlobalSection
	GlobalSection(SolutionProperties) = preSolution
		HideSolutionNode = FALSE
	EndGlobalSection
	GlobalSection(ExtensibilityGlobals) = postSolution
		SolutionGuid = {4DA0D9C9-2D68-4430-9C4E-375EC8B04D48}
	EndGlobalSection
EndGlobal
